
Microsoft Visual Studio Solution File, Format Version 12.00
# Visual Studio Version 17
VisualStudioVersion = 17.8.34511.84
MinimumVisualStudioVersion = 10.0.40219.1
Project("{FAE04EC0-301F-11D3-BF4B-00C04F79EFBC}") = "COMP003A.LectureActivity3", "COMP003A.LectureActivity3.csproj", "{3F2785B7-1A06-4982-BEA4-1DC302C80AA0}"
EndProject
Global
	GlobalSection(SolutionConfigurationPlatforms) = preSolution
		Debug|Any CPU = Debug|Any CPU
		Release|Any CPU = Release|Any CPU
	EndGlobalSection
	GlobalSection(ProjectConfigurationPlatforms) = postSolution
		{3F2785B7-1A06-4982-BEA4-1DC302C80AA0}.Debug|Any CPU.ActiveCfg = Debug|Any CPU
		{3F2785B7-1A06-4982-BEA4-1DC302C80AA0}.Debug|Any CPU.Build.0 = Debug|Any CPU
		{3F2785B7-1A06-4982-BEA4-1DC302C80AA0}.Release|Any CPU.ActiveCfg = Release|Any CPU
		{3F2785B7-1A06-4982-BEA4-1DC302C80AA0}.Release|Any CPU.Build.0 = Release|Any CPU
	EndGlobalSection
	GlobalSection(SolutionProperties) = preSolution
		HideSolutionNode = FALSE
	EndGlobalSection
	GlobalSection(ExtensibilityGlobals) = postSolution
		SolutionGuid = {E7E8E6F4-4135-4967-8244-DF3A9DA30FDD}
	EndGlobalSection
EndGlobal
